{
    "name": "charts",
    "version": "1.0.0",
    "lockfileVersion": 3,
    "requires": true,
    "packages": {
        "": {
            "name": "charts",
            "version": "1.0.0",
            "license": "ISC",
            "devDependencies": {
                "lightweight-charts": "^5.0.7",
                "typescript": "^5.8.3"
            }
        },
        "node_modules/fancy-canvas": {
            "version": "2.1.0",
            "resolved": "https://registry.npmjs.org/fancy-canvas/-/fancy-canvas-2.1.0.tgz",
            "integrity": "sha512-nifxXJ95JNLFR2NgRV4/MxVP45G9909wJTEKz5fg/TZS20JJZA6hfgRVh/bC9bwl2zBtBNcYPjiBE4njQHVBwQ==",
            "dev": true,
            "license": "MIT"
        },
        "node_modules/lightweight-charts": {
            "version": "5.0.8",
            "resolved": "https://registry.npmjs.org/lightweight-charts/-/lightweight-charts-5.0.8.tgz",
            "integrity": "sha512-dNBK5TlNcG78RUnxYRAZP4XpY5bkp3EE0PPjFFPkdIZ8RvnvL2JLgTb1BLh40trHhgJl51b1bCz8678GpnKvIw==",
            "dev": true,
            "license": "Apache-2.0",
            "dependencies": {
                "fancy-canvas": "2.1.0"
            }
        },
        "node_modules/typescript": {
            "version": "5.8.3",
            "resolved": "https://registry.npmjs.org/typescript/-/typescript-5.8.3.tgz",
            "integrity": "sha512-p1diW6TqL9L07nNxvRMM7hMMw4c5XOo/1ibL4aAIGmSAt9slTE1Xgw5KWuof2uTOvCg9BY7ZRi+GaF+7sfgPeQ==",
            "dev": true,
            "license": "Apache-2.0",
            "bin": {
                "tsc": "bin/tsc",
                "tsserver": "bin/tsserver"
            },
            "engines": {
                "node": ">=14.17"
            }
        }
    }
}
